
Microsoft Visual Studio Solution File, Format Version 12.00
# Visual Studio Version 17
VisualStudioVersion = 17.10.35201.131
MinimumVisualStudioVersion = 10.0.40219.1
Project("{FAE04EC0-301F-11D3-BF4B-00C04F79EFBC}") = "PokemonReviewApp", "PokemonReviewApp\PokemonReviewApp.csproj", "{C53B2773-D4A5-456D-A683-9E2D7E8ACF7D}"
EndProject
Global
	GlobalSection(SolutionConfigurationPlatforms) = preSolution
		Debug|Any CPU = Debug|Any CPU
		Release|Any CPU = Release|Any CPU
	EndGlobalSection
	GlobalSection(ProjectConfigurationPlatforms) = postSolution
		{C53B2773-D4A5-456D-A683-9E2D7E8ACF7D}.Debug|Any CPU.ActiveCfg = Debug|Any CPU
		{C53B2773-D4A5-456D-A683-9E2D7E8ACF7D}.Debug|Any CPU.Build.0 = Debug|Any CPU
		{C53B2773-D4A5-456D-A683-9E2D7E8ACF7D}.Release|Any CPU.ActiveCfg = Release|Any CPU
		{C53B2773-D4A5-456D-A683-9E2D7E8ACF7D}.Release|Any CPU.Build.0 = Release|Any CPU
	EndGlobalSection
	GlobalSection(SolutionProperties) = preSolution
		HideSolutionNode = FALSE
	EndGlobalSection
	GlobalSection(ExtensibilityGlobals) = postSolution
		SolutionGuid = {EBA663E7-73F1-4C82-B9C3-75C277C9EBA2}
	EndGlobalSection
EndGlobal
